schema: '2.0'
stages:
  preprocess:
    cmd: python src/preprocess.py
    deps:
    - path: data/raw/ai4i2020.csv
      hash: md5
      md5: f0adaa9c5e25366c6df1cc2684479871
      size: 522048
    - path: src/preprocess.py
      hash: md5
      md5: 6720bc29187796236256e739dc72f5a1
      size: 1292
    params:
      params.yaml:
        data.raw_path: data/raw/ai4i2020.csv
        data.test_path: data/processed/test.csv
        data.train_path: data/processed/train.csv
        preprocess.seed: 42
    outs:
    - path: data/processed/test.csv
      hash: md5
      md5: 761f6cd9a04b4ce34504af002871afbf
      size: 92227
    - path: data/processed/train.csv
      hash: md5
      md5: 5383a38fd4022d4043465f0bced1bdb9
      size: 369801
  train:
    cmd: python src/train.py
    deps:
    - path: data/processed/train.csv
      hash: md5
      md5: 5383a38fd4022d4043465f0bced1bdb9
      size: 369801
    - path: src/train.py
      hash: md5
      md5: 26d3fe5a4980ff5146cff2be56f46c22
      size: 4449
    outs:
    - path: models/model.joblib
      hash: md5
      md5: 4a0864c3d7a8d6b2066a87481ddbd82c
      size: 647314
  evaluate:
    cmd: python src/evaluate.py
    deps:
    - path: data/processed/test.csv
      hash: md5
      md5: 761f6cd9a04b4ce34504af002871afbf
      size: 92227
    - path: models/model.joblib
      hash: md5
      md5: 4a0864c3d7a8d6b2066a87481ddbd82c
      size: 647314
    - path: src/evaluate.py
      hash: md5
      md5: 00997043cd7eca322f55b0a75f811c16
      size: 1762
    outs:
    - path: reports/metrics.json
      hash: md5
      md5: da46b62afc46d628024994643b471039
      size: 222
